
Microsoft Visual Studio Solution File, Format Version 12.00
# Visual Studio 15
VisualStudioVersion = 15.0.28307.421
MinimumVisualStudioVersion = 10.0.40219.1
Project("{FAE04EC0-301F-11D3-BF4B-00C04F79EFBC}") = "ConsoleAppStarter", "ConsoleAppStarter\ConsoleAppStarter.csproj", "{0BB7EDD3-3591-4A73-BF32-EFAD3CD167BF}"
EndProject
Project("{FAE04EC0-301F-11D3-BF4B-00C04F79EFBC}") = "DataAccess", "DataAccess\DataAccess.csproj", "{F98AF586-B372-4B25-9237-379BE5EAC2EE}"
EndProject
Project("{FAE04EC0-301F-11D3-BF4B-00C04F79EFBC}") = "Common", "Common\Common.csproj", "{60E5F262-9B02-43A0-8752-6FD032AC88AD}"
EndProject
Global
	GlobalSection(SolutionConfigurationPlatforms) = preSolution
		Debug|Any CPU = Debug|Any CPU
		Release|Any CPU = Release|Any CPU
	EndGlobalSection
	GlobalSection(ProjectConfigurationPlatforms) = postSolution
		{0BB7EDD3-3591-4A73-BF32-EFAD3CD167BF}.Debug|Any CPU.ActiveCfg = Debug|Any CPU
		{0BB7EDD3-3591-4A73-BF32-EFAD3CD167BF}.Debug|Any CPU.Build.0 = Debug|Any CPU
		{0BB7EDD3-3591-4A73-BF32-EFAD3CD167BF}.Release|Any CPU.ActiveCfg = Release|Any CPU
		{0BB7EDD3-3591-4A73-BF32-EFAD3CD167BF}.Release|Any CPU.Build.0 = Release|Any CPU
		{F98AF586-B372-4B25-9237-379BE5EAC2EE}.Debug|Any CPU.ActiveCfg = Debug|Any CPU
		{F98AF586-B372-4B25-9237-379BE5EAC2EE}.Debug|Any CPU.Build.0 = Debug|Any CPU
		{F98AF586-B372-4B25-9237-379BE5EAC2EE}.Release|Any CPU.ActiveCfg = Release|Any CPU
		{F98AF586-B372-4B25-9237-379BE5EAC2EE}.Release|Any CPU.Build.0 = Release|Any CPU
		{60E5F262-9B02-43A0-8752-6FD032AC88AD}.Debug|Any CPU.ActiveCfg = Debug|Any CPU
		{60E5F262-9B02-43A0-8752-6FD032AC88AD}.Debug|Any CPU.Build.0 = Debug|Any CPU
		{60E5F262-9B02-43A0-8752-6FD032AC88AD}.Release|Any CPU.ActiveCfg = Release|Any CPU
		{60E5F262-9B02-43A0-8752-6FD032AC88AD}.Release|Any CPU.Build.0 = Release|Any CPU
	EndGlobalSection
	GlobalSection(SolutionProperties) = preSolution
		HideSolutionNode = FALSE
	EndGlobalSection
	GlobalSection(ExtensibilityGlobals) = postSolution
		SolutionGuid = {B1CFE3CE-8603-4C23-8C28-9A4EFF06638F}
	EndGlobalSection
EndGlobal
